{
  "originHash" : "d035b9da39745639785b7056ef2350d6642f0166237ca3e197d8af02566e2d55",
  "pins" : [
    {
      "identity" : "jwtdecode.swift",
      "kind" : "remoteSourceControl",
      "location" : "https://github.com/auth0/JWTDecode.swift",
      "state" : {
        "revision" : "1e153ef009969543191970c66b7c60163c0b4a65",
        "version" : "3.2.0"
      }
    },
    {
      "identity" : "keychainaccess",
      "kind" : "remoteSourceControl",
      "location" : "https://github.com/kishikawakatsumi/KeychainAccess",
      "state" : {
        "branch" : "master",
        "revision" : "e0c7eebc5a4465a3c4680764f26b7a61f567cdaf"
      }
    }
  ],
  "version" : 3
}
